
Microsoft Visual Studio Solution File, Format Version 12.00
# Visual Studio Version 17
VisualStudioVersion = 17.5.002.0
MinimumVisualStudioVersion = 10.0.40219.1
Project("{9A19103F-16F7-4668-BE54-9A1E7A4F7556}") = "Leetcode.CSharp", "Leetcode.CSharp.csproj", "{654FFDE8-4F58-4495-9A4D-D18683813597}"
EndProject
Global
	GlobalSection(SolutionConfigurationPlatforms) = preSolution
		Debug|Any CPU = Debug|Any CPU
		Release|Any CPU = Release|Any CPU
	EndGlobalSection
	GlobalSection(ProjectConfigurationPlatforms) = postSolution
		{654FFDE8-4F58-4495-9A4D-D18683813597}.Debug|Any CPU.ActiveCfg = Debug|Any CPU
		{654FFDE8-4F58-4495-9A4D-D18683813597}.Debug|Any CPU.Build.0 = Debug|Any CPU
		{654FFDE8-4F58-4495-9A4D-D18683813597}.Release|Any CPU.ActiveCfg = Release|Any CPU
		{654FFDE8-4F58-4495-9A4D-D18683813597}.Release|Any CPU.Build.0 = Release|Any CPU
	EndGlobalSection
	GlobalSection(SolutionProperties) = preSolution
		HideSolutionNode = FALSE
	EndGlobalSection
	GlobalSection(ExtensibilityGlobals) = postSolution
		SolutionGuid = {C2D02BD9-C8F0-4C38-A1DE-9CD6B28EB6FF}
	EndGlobalSection
EndGlobal
